
Microsoft Visual Studio Solution File, Format Version 12.00
# Visual Studio 15
VisualStudioVersion = 15.0.28307.106
MinimumVisualStudioVersion = 10.0.40219.1
Project("{FAE04EC0-301F-11D3-BF4B-00C04F79EFBC}") = "zoo_shop", "zoo_shop\zoo_shop.csproj", "{4140D8D9-C558-4F1A-992E-E0992448625A}"
EndProject
Global
	GlobalSection(SolutionConfigurationPlatforms) = preSolution
		Debug|Any CPU = Debug|Any CPU
		Release|Any CPU = Release|Any CPU
	EndGlobalSection
	GlobalSection(ProjectConfigurationPlatforms) = postSolution
		{4140D8D9-C558-4F1A-992E-E0992448625A}.Debug|Any CPU.ActiveCfg = Debug|Any CPU
		{4140D8D9-C558-4F1A-992E-E0992448625A}.Debug|Any CPU.Build.0 = Debug|Any CPU
		{4140D8D9-C558-4F1A-992E-E0992448625A}.Release|Any CPU.ActiveCfg = Release|Any CPU
		{4140D8D9-C558-4F1A-992E-E0992448625A}.Release|Any CPU.Build.0 = Release|Any CPU
	EndGlobalSection
	GlobalSection(SolutionProperties) = preSolution
		HideSolutionNode = FALSE
	EndGlobalSection
	GlobalSection(ExtensibilityGlobals) = postSolution
		SolutionGuid = {4B11655E-CFBD-45BD-9A1A-F67DE8F0588C}
	EndGlobalSection
EndGlobal
